// !$*UTF8*$!
{
	archiveVersion = 1;
	classes = {
	};
	objectVersion = 46;
	objects = {

/* Begin PBXBuildFile section */
		A5241E3A1FBF297000B6B844 /* MZFormSheetPresentationController.framework in Embed Frameworks */ = {isa = PBXBuildFile; fileRef = A5241E371FBF297000B6B844 /* MZFormSheetPresentationController.framework */; settings = {ATTRIBUTES = (CodeSignOnCopy, RemoveHeadersOnCopy, ); }; };
		A5241E3B1FBF297000B6B844 /* ComponentKit.framework in Embed Frameworks */ = {isa = PBXBuildFile; fileRef = A5241E381FBF297000B6B844 /* ComponentKit.framework */; settings = {ATTRIBUTES = (CodeSignOnCopy, RemoveHeadersOnCopy, ); }; };
		A5241E3C1FBF297000B6B844 /* MZAppearance.framework in Embed Frameworks */ = {isa = PBXBuildFile; fileRef = A5241E391FBF297000B6B844 /* MZAppearance.framework */; settings = {ATTRIBUTES = (CodeSignOnCopy, RemoveHeadersOnCopy, ); }; };
		A5241E3D1FBF2A1F00B6B844 /* ComponentKit.framework in Frameworks */ = {isa = PBXBuildFile; fileRef = A5241E381FBF297000B6B844 /* ComponentKit.framework */; };
		A5241E3E1FBF2A1F00B6B844 /* MZAppearance.framework in Frameworks */ = {isa = PBXBuildFile; fileRef = A5241E391FBF297000B6B844 /* MZAppearance.framework */; };
		A5241E3F1FBF2A1F00B6B844 /* MZFormSheetPresentationController.framework in Frameworks */ = {isa = PBXBuildFile; fileRef = A5241E371FBF297000B6B844 /* MZFormSheetPresentationController.framework */; };
		A5241E421FBF2AA500B6B844 /* MFStackDemoComponent.mm in Sources */ = {isa = PBXBuildFile; fileRef = A5241E411FBF2AA500B6B844 /* MFStackDemoComponent.mm */; };
		AC44498B1F56955300292E30 /* main.m in Sources */ = {isa = PBXBuildFile; fileRef = AC44498A1F56955300292E30 /* main.m */; };
		AC44498E1F56955300292E30 /* AppDelegate.m in Sources */ = {isa = PBXBuildFile; fileRef = AC44498D1F56955300292E30 /* AppDelegate.m */; };
		AC4449911F56955300292E30 /* ViewController.mm in Sources */ = {isa = PBXBuildFile; fileRef = AC4449901F56955300292E30 /* ViewController.mm */; };
		AC4449941F56955300292E30 /* Main.storyboard in Resources */ = {isa = PBXBuildFile; fileRef = AC4449921F56955300292E30 /* Main.storyboard */; };
		AC4449961F56955300292E30 /* Assets.xcassets in Resources */ = {isa = PBXBuildFile; fileRef = AC4449951F56955300292E30 /* Assets.xcassets */; };
		AC4449991F56955300292E30 /* LaunchScreen.storyboard in Resources */ = {isa = PBXBuildFile; fileRef = AC4449971F56955300292E30 /* LaunchScreen.storyboard */; };
		AC4449A31F5695C000292E30 /* VZFlexLayout.framework in Frameworks */ = {isa = PBXBuildFile; fileRef = AC4449A21F5695C000292E30 /* VZFlexLayout.framework */; };
		AC4449A41F5695C000292E30 /* VZFlexLayout.framework in Embed Frameworks */ = {isa = PBXBuildFile; fileRef = AC4449A21F5695C000292E30 /* VZFlexLayout.framework */; settings = {ATTRIBUTES = (CodeSignOnCopy, RemoveHeadersOnCopy, ); }; };
		AC4449A81F56968D00292E30 /* MFFlexLayoutCellView.mm in Sources */ = {isa = PBXBuildFile; fileRef = AC4449A71F56968D00292E30 /* MFFlexLayoutCellView.mm */; };
		ACC039C31F885BB600AC8CDE /* MFCoverDropView.m in Sources */ = {isa = PBXBuildFile; fileRef = ACC039C21F885BB600AC8CDE /* MFCoverDropView.m */; };
		ACC039C61F88B1D100AC8CDE /* MFCoverDropTagView.m in Sources */ = {isa = PBXBuildFile; fileRef = ACC039C51F88B1D000AC8CDE /* MFCoverDropTagView.m */; };
		ACC039CA1F88C27A00AC8CDE /* HexColors.m in Sources */ = {isa = PBXBuildFile; fileRef = ACC039C91F88C27A00AC8CDE /* HexColors.m */; };
/* End PBXBuildFile section */

/* Begin PBXCopyFilesBuildPhase section */
		AC4449A51F5695C000292E30 /* Embed Frameworks */ = {
			isa = PBXCopyFilesBuildPhase;
			buildActionMask = 2147483647;
			dstPath = "";
			dstSubfolderSpec = 10;
			files = (
				A5241E3A1FBF297000B6B844 /* MZFormSheetPresentationController.framework in Embed Frameworks */,
				A5241E3B1FBF297000B6B844 /* ComponentKit.framework in Embed Frameworks */,
				A5241E3C1FBF297000B6B844 /* MZAppearance.framework in Embed Frameworks */,
				AC4449A41F5695C000292E30 /* VZFlexLayout.framework in Embed Frameworks */,
			);
			name = "Embed Frameworks";
			runOnlyForDeploymentPostprocessing = 0;
		};
/* End PBXCopyFilesBuildPhase section */

/* Begin PBXFileReference section */
		A5241E371FBF297000B6B844 /* MZFormSheetPresentationController.framework */ = {isa = PBXFileReference; lastKnownFileType = wrapper.framework; name = MZFormSheetPresentationController.framework; path = Carthage/Build/iOS/MZFormSheetPresentationController.framework; sourceTree = "<group>"; };
		A5241E381FBF297000B6B844 /* ComponentKit.framework */ = {isa = PBXFileReference; lastKnownFileType = wrapper.framework; name = ComponentKit.framework; path = Carthage/Build/iOS/ComponentKit.framework; sourceTree = "<group>"; };
		A5241E391FBF297000B6B844 /* MZAppearance.framework */ = {isa = PBXFileReference; lastKnownFileType = wrapper.framework; name = MZAppearance.framework; path = Carthage/Build/iOS/MZAppearance.framework; sourceTree = "<group>"; };
		A5241E401FBF2AA500B6B844 /* MFStackDemoComponent.h */ = {isa = PBXFileReference; explicitFileType = sourcecode.cpp.objcpp.preprocessed; path = MFStackDemoComponent.h; sourceTree = "<group>"; };
		A5241E411FBF2AA500B6B844 /* MFStackDemoComponent.mm */ = {isa = PBXFileReference; explicitFileType = sourcecode.cpp.objcpp; path = MFStackDemoComponent.mm; sourceTree = "<group>"; };
		AC4449861F56955300292E30 /* FlexLayoutDemo.app */ = {isa = PBXFileReference; explicitFileType = wrapper.application; includeInIndex = 0; path = FlexLayoutDemo.app; sourceTree = BUILT_PRODUCTS_DIR; };
		AC44498A1F56955300292E30 /* main.m */ = {isa = PBXFileReference; lastKnownFileType = sourcecode.c.objc; path = main.m; sourceTree = "<group>"; };
		AC44498C1F56955300292E30 /* AppDelegate.h */ = {isa = PBXFileReference; lastKnownFileType = sourcecode.c.h; path = AppDelegate.h; sourceTree = "<group>"; };
		AC44498D1F56955300292E30 /* AppDelegate.m */ = {isa = PBXFileReference; lastKnownFileType = sourcecode.c.objc; path = AppDelegate.m; sourceTree = "<group>"; };
		AC44498F1F56955300292E30 /* ViewController.h */ = {isa = PBXFileReference; explicitFileType = sourcecode.cpp.objcpp.preprocessed; path = ViewController.h; sourceTree = "<group>"; };
		AC4449901F56955300292E30 /* ViewController.mm */ = {isa = PBXFileReference; explicitFileType = sourcecode.cpp.objcpp; path = ViewController.mm; sourceTree = "<group>"; };
		AC4449931F56955300292E30 /* Base */ = {isa = PBXFileReference; lastKnownFileType = file.storyboard; name = Base; path = Base.lproj/Main.storyboard; sourceTree = "<group>"; };
		AC4449951F56955300292E30 /* Assets.xcassets */ = {isa = PBXFileReference; lastKnownFileType = folder.assetcatalog; path = Assets.xcassets; sourceTree = "<group>"; };
		AC4449981F56955300292E30 /* Base */ = {isa = PBXFileReference; lastKnownFileType = file.storyboard; name = Base; path = Base.lproj/LaunchScreen.storyboard; sourceTree = "<group>"; };
		AC44499A1F56955300292E30 /* Info.plist */ = {isa = PBXFileReference; lastKnownFileType = text.plist.xml; path = Info.plist; sourceTree = "<group>"; };
		AC4449A21F5695C000292E30 /* VZFlexLayout.framework */ = {isa = PBXFileReference; lastKnownFileType = wrapper.framework; name = VZFlexLayout.framework; path = FlexLayoutDemo/VZFlexLayout.framework; sourceTree = "<group>"; };
		AC4449A61F56968D00292E30 /* MFFlexLayoutCellView.h */ = {isa = PBXFileReference; fileEncoding = 4; lastKnownFileType = sourcecode.c.h; path = MFFlexLayoutCellView.h; sourceTree = "<group>"; };
		AC4449A71F56968D00292E30 /* MFFlexLayoutCellView.mm */ = {isa = PBXFileReference; fileEncoding = 4; lastKnownFileType = sourcecode.cpp.objcpp; path = MFFlexLayoutCellView.mm; sourceTree = "<group>"; };
		ACC039C11F885BB600AC8CDE /* MFCoverDropView.h */ = {isa = PBXFileReference; fileEncoding = 4; lastKnownFileType = sourcecode.c.h; path = MFCoverDropView.h; sourceTree = "<group>"; };
		ACC039C21F885BB600AC8CDE /* MFCoverDropView.m */ = {isa = PBXFileReference; fileEncoding = 4; lastKnownFileType = sourcecode.c.objc; path = MFCoverDropView.m; sourceTree = "<group>"; };
		ACC039C41F88B1D000AC8CDE /* MFCoverDropTagView.h */ = {isa = PBXFileReference; fileEncoding = 4; lastKnownFileType = sourcecode.c.h; path = MFCoverDropTagView.h; sourceTree = "<group>"; };
		ACC039C51F88B1D000AC8CDE /* MFCoverDropTagView.m */ = {isa = PBXFileReference; fileEncoding = 4; lastKnownFileType = sourcecode.c.objc; path = MFCoverDropTagView.m; sourceTree = "<group>"; };
		ACC039C81F88C27A00AC8CDE /* HexColors.h */ = {isa = PBXFileReference; fileEncoding = 4; lastKnownFileType = sourcecode.c.h; path = HexColors.h; sourceTree = "<group>"; };
		ACC039C91F88C27A00AC8CDE /* HexColors.m */ = {isa = PBXFileReference; fileEncoding = 4; lastKnownFileType = sourcecode.c.objc; path = HexColors.m; sourceTree = "<group>"; };
/* End PBXFileReference section */

/* Begin PBXFrameworksBuildPhase section */
		AC4449831F56955300292E30 /* Frameworks */ = {
			isa = PBXFrameworksBuildPhase;
			buildActionMask = 2147483647;
			files = (
				A5241E3D1FBF2A1F00B6B844 /* ComponentKit.framework in Frameworks */,
				A5241E3E1FBF2A1F00B6B844 /* MZAppearance.framework in Frameworks */,
				A5241E3F1FBF2A1F00B6B844 /* MZFormSheetPresentationController.framework in Frameworks */,
				AC4449A31F5695C000292E30 /* VZFlexLayout.framework in Frameworks */,
			);
			runOnlyForDeploymentPostprocessing = 0;
		};
/* End PBXFrameworksBuildPhase section */

/* Begin PBXGroup section */
		A5241E301FBF287900B6B844 /* Frameworks */ = {
			isa = PBXGroup;
			children = (
				A5241E381FBF297000B6B844 /* ComponentKit.framework */,
				A5241E391FBF297000B6B844 /* MZAppearance.framework */,
				A5241E371FBF297000B6B844 /* MZFormSheetPresentationController.framework */,
				AC4449A21F5695C000292E30 /* VZFlexLayout.framework */,
			);
			name = Frameworks;
			sourceTree = "<group>";
		};
		AC44497D1F56955300292E30 = {
			isa = PBXGroup;
			children = (
				AC4449881F56955300292E30 /* FlexLayoutDemo */,
				A5241E301FBF287900B6B844 /* Frameworks */,
				AC4449871F56955300292E30 /* Products */,
			);
			sourceTree = "<group>";
		};
		AC4449871F56955300292E30 /* Products */ = {
			isa = PBXGroup;
			children = (
				AC4449861F56955300292E30 /* FlexLayoutDemo.app */,
			);
			name = Products;
			sourceTree = "<group>";
		};
		AC4449881F56955300292E30 /* FlexLayoutDemo */ = {
			isa = PBXGroup;
			children = (
				AC44498C1F56955300292E30 /* AppDelegate.h */,
				AC44498D1F56955300292E30 /* AppDelegate.m */,
				AC44498F1F56955300292E30 /* ViewController.h */,
				AC4449901F56955300292E30 /* ViewController.mm */,
				A5241E401FBF2AA500B6B844 /* MFStackDemoComponent.h */,
				A5241E411FBF2AA500B6B844 /* MFStackDemoComponent.mm */,
				AC4449A61F56968D00292E30 /* MFFlexLayoutCellView.h */,
				AC4449A71F56968D00292E30 /* MFFlexLayoutCellView.mm */,
				ACC039C11F885BB600AC8CDE /* MFCoverDropView.h */,
				ACC039C21F885BB600AC8CDE /* MFCoverDropView.m */,
				ACC039C41F88B1D000AC8CDE /* MFCoverDropTagView.h */,
				ACC039C51F88B1D000AC8CDE /* MFCoverDropTagView.m */,
				ACC039C71F88C27A00AC8CDE /* HexColors */,
				AC4449921F56955300292E30 /* Main.storyboard */,
				AC4449951F56955300292E30 /* Assets.xcassets */,
				AC4449971F56955300292E30 /* LaunchScreen.storyboard */,
				AC44499A1F56955300292E30 /* Info.plist */,
				AC4449891F56955300292E30 /* Supporting Files */,
			);
			path = FlexLayoutDemo;
			sourceTree = "<group>";
		};
		AC4449891F56955300292E30 /* Supporting Files */ = {
			isa = PBXGroup;
			children = (
				AC44498A1F56955300292E30 /* main.m */,
			);
			name = "Supporting Files";
			sourceTree = "<group>";
		};
		ACC039C71F88C27A00AC8CDE /* HexColors */ = {
			isa = PBXGroup;
			children = (
				ACC039C81F88C27A00AC8CDE /* HexColors.h */,
				ACC039C91F88C27A00AC8CDE /* HexColors.m */,
			);
			path = HexColors;
			sourceTree = "<group>";
		};
/* End PBXGroup section */

/* Begin PBXNativeTarget section */
		AC4449851F56955300292E30 /* FlexLayoutDemo */ = {
			isa = PBXNativeTarget;
			buildConfigurationList = AC44499D1F56955300292E30 /* Build configuration list for PBXNativeTarget "FlexLayoutDemo" */;
			buildPhases = (
				AC4449821F56955300292E30 /* Sources */,
				AC4449831F56955300292E30 /* Frameworks */,
				AC4449841F56955300292E30 /* Resources */,
				AC4449A51F5695C000292E30 /* Embed Frameworks */,
			);
			buildRules = (
			);
			dependencies = (
			);
			name = FlexLayoutDemo;
			productName = FlexLayoutDemo;
			productReference = AC4449861F56955300292E30 /* FlexLayoutDemo.app */;
			productType = "com.apple.product-type.application";
		};
/* End PBXNativeTarget section */

/* Begin PBXProject section */
		AC44497E1F56955300292E30 /* Project object */ = {
			isa = PBXProject;
			attributes = {
				LastUpgradeCheck = 0830;
				ORGANIZATIONNAME = mafanghua;
				TargetAttributes = {
					AC4449851F56955300292E30 = {
						CreatedOnToolsVersion = 8.3.3;
						DevelopmentTeam = G782L57G45;
						ProvisioningStyle = Automatic;
					};
				};
			};
			buildConfigurationList = AC4449811F56955300292E30 /* Build configuration list for PBXProject "FlexLayoutDemo" */;
			compatibilityVersion = "Xcode 3.2";
			developmentRegion = English;
			hasScannedForEncodings = 0;
			knownRegions = (
				en,
				Base,
			);
			mainGroup = AC44497D1F56955300292E30;
			productRefGroup = AC4449871F56955300292E30 /* Products */;
			projectDirPath = "";
			projectRoot = "";
			targets = (
				AC4449851F56955300292E30 /* FlexLayoutDemo */,
			);
		};
/* End PBXProject section */

/* Begin PBXResourcesBuildPhase section */
		AC4449841F56955300292E30 /* Resources */ = {
			isa = PBXResourcesBuildPhase;
			buildActionMask = 2147483647;
			files = (
				AC4449991F56955300292E30 /* LaunchScreen.storyboard in Resources */,
				AC4449961F56955300292E30 /* Assets.xcassets in Resources */,
				AC4449941F56955300292E30 /* Main.storyboard in Resources */,
			);
			runOnlyForDeploymentPostprocessing = 0;
		};
/* End PBXResourcesBuildPhase section */

/* Begin PBXSourcesBuildPhase section */
		AC4449821F56955300292E30 /* Sources */ = {
			isa = PBXSourcesBuildPhase;
			buildActionMask = 2147483647;
			files = (
				AC4449911F56955300292E30 /* ViewController.mm in Sources */,
				ACC039CA1F88C27A00AC8CDE /* HexColors.m in Sources */,
				A5241E421FBF2AA500B6B844 /* MFStackDemoComponent.mm in Sources */,
				ACC039C31F885BB600AC8CDE /* MFCoverDropView.m in Sources */,
				AC44498E1F56955300292E30 /* AppDelegate.m in Sources */,
				ACC039C61F88B1D100AC8CDE /* MFCoverDropTagView.m in Sources */,
				AC4449A81F56968D00292E30 /* MFFlexLayoutCellView.mm in Sources */,
				AC44498B1F56955300292E30 /* main.m in Sources */,
			);
			runOnlyForDeploymentPostprocessing = 0;
		};
/* End PBXSourcesBuildPhase section */

/* Begin PBXVariantGroup section */
		AC4449921F56955300292E30 /* Main.storyboard */ = {
			isa = PBXVariantGroup;
			children = (
				AC4449931F56955300292E30 /* Base */,
			);
			name = Main.storyboard;
			sourceTree = "<group>";
		};
		AC4449971F56955300292E30 /* LaunchScreen.storyboard */ = {
			isa = PBXVariantGroup;
			children = (
				AC4449981F56955300292E30 /* Base */,
			);
			name = LaunchScreen.storyboard;
			sourceTree = "<group>";
		};
/* End PBXVariantGroup section */

/* Begin XCBuildConfiguration section */
		AC44499B1F56955300292E30 /* Debug */ = {
			isa = XCBuildConfiguration;
			buildSettings = {
				ALWAYS_SEARCH_USER_PATHS = NO;
				CLANG_ANALYZER_NONNULL = YES;
				CLANG_ANALYZER_NUMBER_OBJECT_CONVERSION = YES_AGGRESSIVE;
				CLANG_CXX_LANGUAGE_STANDARD = "gnu++0x";
				CLANG_CXX_LIBRARY = "libc++";
				CLANG_ENABLE_MODULES = YES;
				CLANG_ENABLE_OBJC_ARC = YES;
				CLANG_WARN_BOOL_CONVERSION = YES;
				CLANG_WARN_CONSTANT_CONVERSION = YES;
				CLANG_WARN_DIRECT_OBJC_ISA_USAGE = YES_ERROR;
				CLANG_WARN_DOCUMENTATION_COMMENTS = YES;
				CLANG_WARN_EMPTY_BODY = YES;
				CLANG_WARN_ENUM_CONVERSION = YES;
				CLANG_WARN_INFINITE_RECURSION = YES;
				CLANG_WARN_INT_CONVERSION = YES;
				CLANG_WARN_OBJC_ROOT_CLASS = YES_ERROR;
				CLANG_WARN_SUSPICIOUS_MOVE = YES;
				CLANG_WARN_UNREACHABLE_CODE = YES;
				CLANG_WARN__DUPLICATE_METHOD_MATCH = YES;
				"CODE_SIGN_IDENTITY[sdk=iphoneos*]" = "iPhone Developer";
				COPY_PHASE_STRIP = NO;
				DEBUG_INFORMATION_FORMAT = dwarf;
				ENABLE_STRICT_OBJC_MSGSEND = YES;
				ENABLE_TESTABILITY = YES;
				GCC_C_LANGUAGE_STANDARD = gnu99;
				GCC_DYNAMIC_NO_PIC = NO;
				GCC_NO_COMMON_BLOCKS = YES;
				GCC_OPTIMIZATION_LEVEL = 0;
				GCC_PREPROCESSOR_DEFINITIONS = (
					"DEBUG=1",
					"$(inherited)",
				);
				GCC_WARN_64_TO_32_BIT_CONVERSION = YES;
				GCC_WARN_ABOUT_RETURN_TYPE = YES_ERROR;
				GCC_WARN_UNDECLARED_SELECTOR = YES;
				GCC_WARN_UNINITIALIZED_AUTOS = YES_AGGRESSIVE;
				GCC_WARN_UNUSED_FUNCTION = YES;
				GCC_WARN_UNUSED_VARIABLE = YES;
				IPHONEOS_DEPLOYMENT_TARGET = 10.3;
				MTL_ENABLE_DEBUG_INFO = YES;
				ONLY_ACTIVE_ARCH = YES;
				SDKROOT = iphoneos;
				TARGETED_DEVICE_FAMILY = "1,2";
			};
			name = Debug;
		};
		AC44499C1F56955300292E30 /* Release */ = {
			isa = XCBuildConfiguration;
			buildSettings = {
				ALWAYS_SEARCH_USER_PATHS = NO;
				CLANG_ANALYZER_NONNULL = YES;
				CLANG_ANALYZER_NUMBER_OBJECT_CONVERSION = YES_AGGRESSIVE;
				CLANG_CXX_LANGUAGE_STANDARD = "gnu++0x";
				CLANG_CXX_LIBRARY = "libc++";
				CLANG_ENABLE_MODULES = YES;
				CLANG_ENABLE_OBJC_ARC = YES;
				CLANG_WARN_BOOL_CONVERSION = YES;
				CLANG_WARN_CONSTANT_CONVERSION = YES;
				CLANG_WARN_DIRECT_OBJC_ISA_USAGE = YES_ERROR;
				CLANG_WARN_DOCUMENTATION_COMMENTS = YES;
				CLANG_WARN_EMPTY_BODY = YES;
				CLANG_WARN_ENUM_CONVERSION = YES;
				CLANG_WARN_INFINITE_RECURSION = YES;
				CLANG_WARN_INT_CONVERSION = YES;
				CLANG_WARN_OBJC_ROOT_CLASS = YES_ERROR;
				CLANG_WARN_SUSPICIOUS_MOVE = YES;
				CLANG_WARN_UNREACHABLE_CODE = YES;
				CLANG_WARN__DUPLICATE_METHOD_MATCH = YES;
				"CODE_SIGN_IDENTITY[sdk=iphoneos*]" = "iPhone Developer";
				COPY_PHASE_STRIP = NO;
				DEBUG_INFORMATION_FORMAT = "dwarf-with-dsym";
				ENABLE_NS_ASSERTIONS = NO;
				ENABLE_STRICT_OBJC_MSGSEND = YES;
				GCC_C_LANGUAGE_STANDARD = gnu99;
				GCC_NO_COMMON_BLOCKS = YES;
				GCC_WARN_64_TO_32_BIT_CONVERSION = YES;
				GCC_WARN_ABOUT_RETURN_TYPE = YES_ERROR;
				GCC_WARN_UNDECLARED_SELECTOR = YES;
				GCC_WARN_UNINITIALIZED_AUTOS = YES_AGGRESSIVE;
				GCC_WARN_UNUSED_FUNCTION = YES;
				GCC_WARN_UNUSED_VARIABLE = YES;
				IPHONEOS_DEPLOYMENT_TARGET = 10.3;
				MTL_ENABLE_DEBUG_INFO = NO;
				SDKROOT = iphoneos;
				TARGETED_DEVICE_FAMILY = "1,2";
				VALIDATE_PRODUCT = YES;
			};
			name = Release;
		};
		AC44499E1F56955300292E30 /* Debug */ = {
			isa = XCBuildConfiguration;
			buildSettings = {
				ASSETCATALOG_COMPILER_APPICON_NAME = AppIcon;
				DEVELOPMENT_TEAM = G782L57G45;
				FRAMEWORK_SEARCH_PATHS = (
					"$(inherited)",
					"$(PROJECT_DIR)/FlexLayoutDemo",
					"$(PROJECT_DIR)/Carthage/Build/iOS",
				);
				INFOPLIST_FILE = FlexLayoutDemo/Info.plist;
				IPHONEOS_DEPLOYMENT_TARGET = 8.0;
				LD_RUNPATH_SEARCH_PATHS = "$(inherited) @executable_path/Frameworks";
				PRODUCT_BUNDLE_IDENTIFIER = cn.mafanghua.FlexLayoutDemo1;
				PRODUCT_NAME = "$(TARGET_NAME)";
			};
			name = Debug;
		};
		AC44499F1F56955300292E30 /* Release */ = {
			isa = XCBuildConfiguration;
			buildSettings = {
				ASSETCATALOG_COMPILER_APPICON_NAME = AppIcon;
				DEVELOPMENT_TEAM = G782L57G45;
				FRAMEWORK_SEARCH_PATHS = (
					"$(inherited)",
					"$(PROJECT_DIR)/FlexLayoutDemo",
					"$(PROJECT_DIR)/Carthage/Build/iOS",
				);
				INFOPLIST_FILE = FlexLayoutDemo/Info.plist;
				IPHONEOS_DEPLOYMENT_TARGET = 8.0;
				LD_RUNPATH_SEARCH_PATHS = "$(inherited) @executable_path/Frameworks";
				PRODUCT_BUNDLE_IDENTIFIER = cn.mafanghua.FlexLayoutDemo1;
				PRODUCT_NAME = "$(TARGET_NAME)";
			};
			name = Release;
		};
/* End XCBuildConfiguration section */

/* Begin XCConfigurationList section */
		AC4449811F56955300292E30 /* Build configuration list for PBXProject "FlexLayoutDemo" */ = {
			isa = XCConfigurationList;
			buildConfigurations = (
				AC44499B1F56955300292E30 /* Debug */,
				AC44499C1F56955300292E30 /* Release */,
			);
			defaultConfigurationIsVisible = 0;
			defaultConfigurationName = Release;
		};
		AC44499D1F56955300292E30 /* Build configuration list for PBXNativeTarget "FlexLayoutDemo" */ = {
			isa = XCConfigurationList;
			buildConfigurations = (
				AC44499E1F56955300292E30 /* Debug */,
				AC44499F1F56955300292E30 /* Release */,
			);
			defaultConfigurationIsVisible = 0;
			defaultConfigurationName = Release;
		};
/* End XCConfigurationList section */
	};
	rootObject = AC44497E1F56955300292E30 /* Project object */;
}
